# THIS IS AN AUTOGENERATED FILE. DO NOT EDIT THIS FILE DIRECTLY.
# yarn lockfile v1


"@tanstack/react-table@^8.21.3":
  version "8.21.3"
  resolved "https://registry.yarnpkg.com/@tanstack/react-table/-/react-table-8.21.3.tgz#2c38c747a5731c1a07174fda764b9c2b1fb5e91b"
  integrity sha512-5nNMTSETP4ykGegmVkhjcS8tTLW6Vl4axfEGQN3v0zdHYbK4UfoqfPChclTrJ4EoK9QynqAu9oUf8VEmrpZ5Ww==
  dependencies:
    "@tanstack/table-core" "8.21.3"

"@tanstack/table-core@8.21.3":
  version "8.21.3"
  resolved "https://registry.yarnpkg.com/@tanstack/table-core/-/table-core-8.21.3.tgz#2977727d8fc8dfa079112d9f4d4c019110f1732c"
  integrity sha512-ldZXEhOBb8Is7xLs01fR3YEc3DERiz5silj8tnGkFZytt1abEvl/GhUmCE0PMLaMPTa3Jk4HbKmRlHmu+gCftg==

eventbusjs@^0.2.0:
  version "0.2.0"
  resolved "https://registry.yarnpkg.com/eventbusjs/-/eventbusjs-0.2.0.tgz#9ceb3d174fb1e56ebe02aee7dd5dd953bb637a93"
  integrity sha512-sWVRmz1cC+ImUH4PYl67SBVogPqYeIVlufi1bTBuxVcnQTwjHXviZbx38XhY2iPCm+UO7akwpnOY5h6WGxO6pg==

inflected@^2.0.3:
  version "2.1.0"
  resolved "https://registry.yarnpkg.com/inflected/-/inflected-2.1.0.tgz#2816ac17a570bbbc8303ca05bca8bf9b3f959687"
  integrity sha512-hAEKNxvHf2Iq3H60oMBHkB4wl5jn3TPF3+fXek/sRwAB5gP9xWs4r7aweSF95f99HFoz69pnZTcu8f0SIHV18w==

lodash-es@^4.17.5:
  version "4.17.21"
  resolved "https://registry.yarnpkg.com/lodash-es/-/lodash-es-4.17.21.tgz#43e626c46e6591b7750beb2b50117390c609e3ee"
  integrity sha512-mKnC+QJ9pWVzv+C4/U3rRsHapFfHvQFoFB92e52xeyGMcX6/OlIl78je1u8vePzYZSkkogMPJ2yjxxsb89cxyw==

lodash@^4.17.5:
  version "4.17.21"
  resolved "https://registry.yarnpkg.com/lodash/-/lodash-4.17.21.tgz#679591c564c3bffaae8454cf0b3df370c3d6911c"
  integrity sha512-v2kDEe57lecTulaDIuNTPy3Ry4gLGJ6Z1O3vE1krgXZNrsQ+LFTGHVxVjcXPs17LhbZVGedAJv8XZ1tvj5FvSg==

spraypaint@^0.10.24:
  version "0.10.24"
  resolved "https://registry.yarnpkg.com/spraypaint/-/spraypaint-0.10.24.tgz#cf418fb75507ac1189ac918fdc45f164c2b87916"
  integrity sha512-lsjbzQESoHJ/hb1ZRy4ALDD0/l1kbxCiiIqIOhoXqKl6hd/AoUxrRNKUrCMNGw9Dtjk0VxkP7mbsTypq3Ban3A==
  dependencies:
    eventbusjs "^0.2.0"
    inflected "^2.0.3"
    lodash "^4.17.5"
    lodash-es "^4.17.5"
    tslib "^1.8.1"

tslib@^1.8.1:
  version "1.14.1"
  resolved "https://registry.yarnpkg.com/tslib/-/tslib-1.14.1.tgz#cf2d38bdc34a134bcaf1091c41f6619e2f672d00"
  integrity sha512-Xni35NKzjgMrwevysHTCArtLDpPvye8zV/0E4EyYn43P7/7qvQwPh9BGkHewbMulVntbigmcT7rdX3BNo9wRJg==
